
Microsoft Visual Studio Solution File, Format Version 12.00
# Visual Studio 15
VisualStudioVersion = 15.0.28307.779
MinimumVisualStudioVersion = 10.0.40219.1
Project("{FAE04EC0-301F-11D3-BF4B-00C04F79EFBC}") = "17", "17\17.csproj", "{3245D7B1-2F57-4DB7-9190-C64B1FFEDB05}"
EndProject
Global
	GlobalSection(SolutionConfigurationPlatforms) = preSolution
		Debug|Any CPU = Debug|Any CPU
		Release|Any CPU = Release|Any CPU
	EndGlobalSection
	GlobalSection(ProjectConfigurationPlatforms) = postSolution
		{3245D7B1-2F57-4DB7-9190-C64B1FFEDB05}.Debug|Any CPU.ActiveCfg = Debug|Any CPU
		{3245D7B1-2F57-4DB7-9190-C64B1FFEDB05}.Debug|Any CPU.Build.0 = Debug|Any CPU
		{3245D7B1-2F57-4DB7-9190-C64B1FFEDB05}.Release|Any CPU.ActiveCfg = Release|Any CPU
		{3245D7B1-2F57-4DB7-9190-C64B1FFEDB05}.Release|Any CPU.Build.0 = Release|Any CPU
	EndGlobalSection
	GlobalSection(SolutionProperties) = preSolution
		HideSolutionNode = FALSE
	EndGlobalSection
	GlobalSection(ExtensibilityGlobals) = postSolution
		SolutionGuid = {16C483C9-E141-41E8-A9E9-39B943134191}
	EndGlobalSection
EndGlobal
